
Microsoft Visual Studio Solution File, Format Version 12.00
# Visual Studio Version 16
VisualStudioVersion = 16.0.31613.86
MinimumVisualStudioVersion = 10.0.40219.1
Project("{FAE04EC0-301F-11D3-BF4B-00C04F79EFBC}") = "Wine House", "Wine House.csproj", "{8C0AF6C8-A040-4EB8-AA84-ABAFFBCE4B29}"
EndProject
Global
	GlobalSection(SolutionConfigurationPlatforms) = preSolution
		Debug|Any CPU = Debug|Any CPU
		Release|Any CPU = Release|Any CPU
	EndGlobalSection
	GlobalSection(ProjectConfigurationPlatforms) = postSolution
		{8C0AF6C8-A040-4EB8-AA84-ABAFFBCE4B29}.Debug|Any CPU.ActiveCfg = Debug|Any CPU
		{8C0AF6C8-A040-4EB8-AA84-ABAFFBCE4B29}.Debug|Any CPU.Build.0 = Debug|Any CPU
		{8C0AF6C8-A040-4EB8-AA84-ABAFFBCE4B29}.Release|Any CPU.ActiveCfg = Release|Any CPU
		{8C0AF6C8-A040-4EB8-AA84-ABAFFBCE4B29}.Release|Any CPU.Build.0 = Release|Any CPU
	EndGlobalSection
	GlobalSection(SolutionProperties) = preSolution
		HideSolutionNode = FALSE
	EndGlobalSection
	GlobalSection(ExtensibilityGlobals) = postSolution
		SolutionGuid = {BD3E2722-ABBD-41E7-8BFD-624035AA37C3}
	EndGlobalSection
EndGlobal
